
Microsoft Visual Studio Solution File, Format Version 11.00
# Visual Studio 2010
Project("{FAE04EC0-301F-11D3-BF4B-00C04F79EFBC}") = "JenkinsListenerService", "JenkinsListenerService\JenkinsListenerService.csproj", "{4990FB8B-3219-40C1-9187-9EE30F519AA0}"
EndProject
Project("{FAE04EC0-301F-11D3-BF4B-00C04F79EFBC}") = "JenkinsListenerTests", "JenkinsListenerTests\JenkinsListenerTests.csproj", "{0E4C40A1-20DB-4C97-89BE-D72B9D5AFF1C}"
EndProject
Project("{FAE04EC0-301F-11D3-BF4B-00C04F79EFBC}") = "ConsoleHost", "ConsoleHost\ConsoleHost.csproj", "{6CEB4DF5-E812-4559-A0A3-DBB7955F75AE}"
EndProject
Project("{FAE04EC0-301F-11D3-BF4B-00C04F79EFBC}") = "Client", "Client\Client.csproj", "{E51AF7CE-A148-4BF5-88B8-BB8F2288CED3}"
EndProject
Project("{FAE04EC0-301F-11D3-BF4B-00C04F79EFBC}") = "JenkinsListener", "JenkinsListener\JenkinsListener.csproj", "{18AED8EB-02EE-46EE-A0A9-19AA6D85739F}"
EndProject
Global
	GlobalSection(SolutionConfigurationPlatforms) = preSolution
		Debug|Any CPU = Debug|Any CPU
		Debug|Mixed Platforms = Debug|Mixed Platforms
		Debug|x86 = Debug|x86
		Release|Any CPU = Release|Any CPU
		Release|Mixed Platforms = Release|Mixed Platforms
		Release|x86 = Release|x86
	EndGlobalSection
	GlobalSection(ProjectConfigurationPlatforms) = postSolution
		{4990FB8B-3219-40C1-9187-9EE30F519AA0}.Debug|Any CPU.ActiveCfg = Debug|x86
		{4990FB8B-3219-40C1-9187-9EE30F519AA0}.Debug|Mixed Platforms.ActiveCfg = Debug|x86
		{4990FB8B-3219-40C1-9187-9EE30F519AA0}.Debug|Mixed Platforms.Build.0 = Debug|x86
		{4990FB8B-3219-40C1-9187-9EE30F519AA0}.Debug|x86.ActiveCfg = Debug|x86
		{4990FB8B-3219-40C1-9187-9EE30F519AA0}.Debug|x86.Build.0 = Debug|x86
		{4990FB8B-3219-40C1-9187-9EE30F519AA0}.Release|Any CPU.ActiveCfg = Release|x86
		{4990FB8B-3219-40C1-9187-9EE30F519AA0}.Release|Mixed Platforms.ActiveCfg = Release|x86
		{4990FB8B-3219-40C1-9187-9EE30F519AA0}.Release|Mixed Platforms.Build.0 = Release|x86
		{4990FB8B-3219-40C1-9187-9EE30F519AA0}.Release|x86.ActiveCfg = Release|x86
		{4990FB8B-3219-40C1-9187-9EE30F519AA0}.Release|x86.Build.0 = Release|x86
		{0E4C40A1-20DB-4C97-89BE-D72B9D5AFF1C}.Debug|Any CPU.ActiveCfg = Debug|Any CPU
		{0E4C40A1-20DB-4C97-89BE-D72B9D5AFF1C}.Debug|Any CPU.Build.0 = Debug|Any CPU
		{0E4C40A1-20DB-4C97-89BE-D72B9D5AFF1C}.Debug|Mixed Platforms.ActiveCfg = Debug|Any CPU
		{0E4C40A1-20DB-4C97-89BE-D72B9D5AFF1C}.Debug|Mixed Platforms.Build.0 = Debug|Any CPU
		{0E4C40A1-20DB-4C97-89BE-D72B9D5AFF1C}.Debug|x86.ActiveCfg = Debug|Any CPU
		{0E4C40A1-20DB-4C97-89BE-D72B9D5AFF1C}.Release|Any CPU.ActiveCfg = Release|Any CPU
		{0E4C40A1-20DB-4C97-89BE-D72B9D5AFF1C}.Release|Any CPU.Build.0 = Release|Any CPU
		{0E4C40A1-20DB-4C97-89BE-D72B9D5AFF1C}.Release|Mixed Platforms.ActiveCfg = Release|Any CPU
		{0E4C40A1-20DB-4C97-89BE-D72B9D5AFF1C}.Release|Mixed Platforms.Build.0 = Release|Any CPU
		{0E4C40A1-20DB-4C97-89BE-D72B9D5AFF1C}.Release|x86.ActiveCfg = Release|Any CPU
		{6CEB4DF5-E812-4559-A0A3-DBB7955F75AE}.Debug|Any CPU.ActiveCfg = Debug|x86
		{6CEB4DF5-E812-4559-A0A3-DBB7955F75AE}.Debug|Mixed Platforms.ActiveCfg = Debug|x86
		{6CEB4DF5-E812-4559-A0A3-DBB7955F75AE}.Debug|Mixed Platforms.Build.0 = Debug|x86
		{6CEB4DF5-E812-4559-A0A3-DBB7955F75AE}.Debug|x86.ActiveCfg = Debug|x86
		{6CEB4DF5-E812-4559-A0A3-DBB7955F75AE}.Debug|x86.Build.0 = Debug|x86
		{6CEB4DF5-E812-4559-A0A3-DBB7955F75AE}.Release|Any CPU.ActiveCfg = Release|x86
		{6CEB4DF5-E812-4559-A0A3-DBB7955F75AE}.Release|Mixed Platforms.ActiveCfg = Release|x86
		{6CEB4DF5-E812-4559-A0A3-DBB7955F75AE}.Release|Mixed Platforms.Build.0 = Release|x86
		{6CEB4DF5-E812-4559-A0A3-DBB7955F75AE}.Release|x86.ActiveCfg = Release|x86
		{6CEB4DF5-E812-4559-A0A3-DBB7955F75AE}.Release|x86.Build.0 = Release|x86
		{E51AF7CE-A148-4BF5-88B8-BB8F2288CED3}.Debug|Any CPU.ActiveCfg = Debug|x86
		{E51AF7CE-A148-4BF5-88B8-BB8F2288CED3}.Debug|Mixed Platforms.ActiveCfg = Debug|x86
		{E51AF7CE-A148-4BF5-88B8-BB8F2288CED3}.Debug|Mixed Platforms.Build.0 = Debug|x86
		{E51AF7CE-A148-4BF5-88B8-BB8F2288CED3}.Debug|x86.ActiveCfg = Debug|x86
		{E51AF7CE-A148-4BF5-88B8-BB8F2288CED3}.Debug|x86.Build.0 = Debug|x86
		{E51AF7CE-A148-4BF5-88B8-BB8F2288CED3}.Release|Any CPU.ActiveCfg = Release|x86
		{E51AF7CE-A148-4BF5-88B8-BB8F2288CED3}.Release|Mixed Platforms.ActiveCfg = Release|x86
		{E51AF7CE-A148-4BF5-88B8-BB8F2288CED3}.Release|Mixed Platforms.Build.0 = Release|x86
		{E51AF7CE-A148-4BF5-88B8-BB8F2288CED3}.Release|x86.ActiveCfg = Release|x86
		{E51AF7CE-A148-4BF5-88B8-BB8F2288CED3}.Release|x86.Build.0 = Release|x86
		{18AED8EB-02EE-46EE-A0A9-19AA6D85739F}.Debug|Any CPU.ActiveCfg = Debug|Any CPU
		{18AED8EB-02EE-46EE-A0A9-19AA6D85739F}.Debug|Any CPU.Build.0 = Debug|Any CPU
		{18AED8EB-02EE-46EE-A0A9-19AA6D85739F}.Debug|Mixed Platforms.ActiveCfg = Debug|Any CPU
		{18AED8EB-02EE-46EE-A0A9-19AA6D85739F}.Debug|Mixed Platforms.Build.0 = Debug|Any CPU
		{18AED8EB-02EE-46EE-A0A9-19AA6D85739F}.Debug|x86.ActiveCfg = Debug|Any CPU
		{18AED8EB-02EE-46EE-A0A9-19AA6D85739F}.Release|Any CPU.ActiveCfg = Release|Any CPU
		{18AED8EB-02EE-46EE-A0A9-19AA6D85739F}.Release|Any CPU.Build.0 = Release|Any CPU
		{18AED8EB-02EE-46EE-A0A9-19AA6D85739F}.Release|Mixed Platforms.ActiveCfg = Release|Any CPU
		{18AED8EB-02EE-46EE-A0A9-19AA6D85739F}.Release|Mixed Platforms.Build.0 = Release|Any CPU
		{18AED8EB-02EE-46EE-A0A9-19AA6D85739F}.Release|x86.ActiveCfg = Release|Any CPU
	EndGlobalSection
	GlobalSection(SolutionProperties) = preSolution
		HideSolutionNode = FALSE
	EndGlobalSection
EndGlobal
